// !$*UTF8*$!
{
	archiveVersion = 1;
	classes = {
	};
	objectVersion = 51;
	objects = {

/* Begin PBXBuildFile section */
		56BBE3190D526C6C108A4020 /* Pods_iOS_Test_Bamboo.framework in Frameworks */ = {isa = PBXBuildFile; fileRef = 533B652883EF125F383F8865 /* Pods_iOS_Test_Bamboo.framework */; };
		6F8E7C1BA45E93214B5EF87B /* Pods_iOS_Test_BambooTests.framework in Frameworks */ = {isa = PBXBuildFile; fileRef = B9FD00F3659A27B190BE8DBC /* Pods_iOS_Test_BambooTests.framework */; };
		DE51709C28054B2400BC3A82 /* WeatherDetails.swift in Sources */ = {isa = PBXBuildFile; fileRef = DE51709B28054B2300BC3A82 /* WeatherDetails.swift */; };
		DE51709E2805694C00BC3A82 /* LoadingOverlay.swift in Sources */ = {isa = PBXBuildFile; fileRef = DE51709D2805694B00BC3A82 /* LoadingOverlay.swift */; };
		DE66F94528045A8300484F15 /* UIColor+Extension.swift in Sources */ = {isa = PBXBuildFile; fileRef = DE66F94428045A8300484F15 /* UIColor+Extension.swift */; };
		DE66F94728045AA500484F15 /* String+Extension.swift in Sources */ = {isa = PBXBuildFile; fileRef = DE66F94628045AA500484F15 /* String+Extension.swift */; };
		DE66F949280472DA00484F15 /* SearchLocationCell.swift in Sources */ = {isa = PBXBuildFile; fileRef = DE66F948280472DA00484F15 /* SearchLocationCell.swift */; };
		DE66F94B28049EDF00484F15 /* City.swift in Sources */ = {isa = PBXBuildFile; fileRef = DE66F94A28049EDF00484F15 /* City.swift */; };
		DE66F94D2804C3DF00484F15 /* WeatherDetailController.swift in Sources */ = {isa = PBXBuildFile; fileRef = DE66F94C2804C3DF00484F15 /* WeatherDetailController.swift */; };
		DE66F94F2804D8DF00484F15 /* UIFont+Extension.swift in Sources */ = {isa = PBXBuildFile; fileRef = DE66F94E2804D8DE00484F15 /* UIFont+Extension.swift */; };
		DEEF91E52803FAA600DE925D /* AppDelegate.swift in Sources */ = {isa = PBXBuildFile; fileRef = DEEF91E42803FAA600DE925D /* AppDelegate.swift */; };
		DEEF91EE2803FAAE00DE925D /* Assets.xcassets in Resources */ = {isa = PBXBuildFile; fileRef = DEEF91ED2803FAAE00DE925D /* Assets.xcassets */; };
		DEEF91F12803FAAE00DE925D /* LaunchScreen.storyboard in Resources */ = {isa = PBXBuildFile; fileRef = DEEF91EF2803FAAE00DE925D /* LaunchScreen.storyboard */; };
		DEEF91FC2803FAAF00DE925D /* iOS_Test_BambooTests.swift in Sources */ = {isa = PBXBuildFile; fileRef = DEEF91FB2803FAAF00DE925D /* iOS_Test_BambooTests.swift */; };
		DEEF920A2803FCA900DE925D /* HomeViewController.swift in Sources */ = {isa = PBXBuildFile; fileRef = DEEF92092803FCA900DE925D /* HomeViewController.swift */; };
		DEEF920E2803FD0600DE925D /* UIViewController+Extension.swift in Sources */ = {isa = PBXBuildFile; fileRef = DEEF920D2803FD0600DE925D /* UIViewController+Extension.swift */; };
		DEEF92152804043F00DE925D /* SelectCityTableCell.swift in Sources */ = {isa = PBXBuildFile; fileRef = DEEF92142804043F00DE925D /* SelectCityTableCell.swift */; };
		DEEF92172804156F00DE925D /* UIView+Extension.swift in Sources */ = {isa = PBXBuildFile; fileRef = DEEF92162804156F00DE925D /* UIView+Extension.swift */; };
		DEEF92192804458400DE925D /* Request.swift in Sources */ = {isa = PBXBuildFile; fileRef = DEEF92182804458400DE925D /* Request.swift */; };
		DEEF921B280445D900DE925D /* NetworkUtils.swift in Sources */ = {isa = PBXBuildFile; fileRef = DEEF921A280445D900DE925D /* NetworkUtils.swift */; };
		DEEF921D2804461600DE925D /* Network.swift in Sources */ = {isa = PBXBuildFile; fileRef = DEEF921C2804461600DE925D /* Network.swift */; };
		DEEF92202804473F00DE925D /* API_Client.swift in Sources */ = {isa = PBXBuildFile; fileRef = DEEF921F2804473F00DE925D /* API_Client.swift */; };
		DEEF92232804487100DE925D /* Forecast.swift in Sources */ = {isa = PBXBuildFile; fileRef = DEEF92222804487100DE925D /* Forecast.swift */; };
		DEEF922528044C8E00DE925D /* Response.swift in Sources */ = {isa = PBXBuildFile; fileRef = DEEF922428044C8D00DE925D /* Response.swift */; };
		DEEF922728044F9000DE925D /* WeatherService.swift in Sources */ = {isa = PBXBuildFile; fileRef = DEEF922628044F8F00DE925D /* WeatherService.swift */; };
		DEEF92292804537F00DE925D /* WeatherViewModel.swift in Sources */ = {isa = PBXBuildFile; fileRef = DEEF92282804537F00DE925D /* WeatherViewModel.swift */; };
/* End PBXBuildFile section */

/* Begin PBXContainerItemProxy section */
		DEEF91F82803FAAF00DE925D /* PBXContainerItemProxy */ = {
			isa = PBXContainerItemProxy;
			containerPortal = DEEF91D92803FAA600DE925D /* Project object */;
			proxyType = 1;
			remoteGlobalIDString = DEEF91E02803FAA600DE925D;
			remoteInfo = "iOS-Test-Bamboo";
		};
/* End PBXContainerItemProxy section */

/* Begin PBXFileReference section */
		08F775BC7B63CB48F42CD8E9 /* Pods-iOS-Test-BambooTests.debug.xcconfig */ = {isa = PBXFileReference; includeInIndex = 1; lastKnownFileType = text.xcconfig; name = "Pods-iOS-Test-BambooTests.debug.xcconfig"; path = "Target Support Files/Pods-iOS-Test-BambooTests/Pods-iOS-Test-BambooTests.debug.xcconfig"; sourceTree = "<group>"; };
		0E1D98322246B8B9E4B49BA2 /* Pods-iOS-Test-Bamboo.debug.xcconfig */ = {isa = PBXFileReference; includeInIndex = 1; lastKnownFileType = text.xcconfig; name = "Pods-iOS-Test-Bamboo.debug.xcconfig"; path = "Target Support Files/Pods-iOS-Test-Bamboo/Pods-iOS-Test-Bamboo.debug.xcconfig"; sourceTree = "<group>"; };
		533B652883EF125F383F8865 /* Pods_iOS_Test_Bamboo.framework */ = {isa = PBXFileReference; explicitFileType = wrapper.framework; includeInIndex = 0; path = Pods_iOS_Test_Bamboo.framework; sourceTree = BUILT_PRODUCTS_DIR; };
		598A76A99FC27A5B74978720 /* Pods-iOS-Test-BambooTests.release.xcconfig */ = {isa = PBXFileReference; includeInIndex = 1; lastKnownFileType = text.xcconfig; name = "Pods-iOS-Test-BambooTests.release.xcconfig"; path = "Target Support Files/Pods-iOS-Test-BambooTests/Pods-iOS-Test-BambooTests.release.xcconfig"; sourceTree = "<group>"; };
		A3680792172C7C0A32A6418D /* Pods-iOS-Test-Bamboo.release.xcconfig */ = {isa = PBXFileReference; includeInIndex = 1; lastKnownFileType = text.xcconfig; name = "Pods-iOS-Test-Bamboo.release.xcconfig"; path = "Target Support Files/Pods-iOS-Test-Bamboo/Pods-iOS-Test-Bamboo.release.xcconfig"; sourceTree = "<group>"; };
		B9FD00F3659A27B190BE8DBC /* Pods_iOS_Test_BambooTests.framework */ = {isa = PBXFileReference; explicitFileType = wrapper.framework; includeInIndex = 0; path = Pods_iOS_Test_BambooTests.framework; sourceTree = BUILT_PRODUCTS_DIR; };
		DE51709B28054B2300BC3A82 /* WeatherDetails.swift */ = {isa = PBXFileReference; lastKnownFileType = sourcecode.swift; path = WeatherDetails.swift; sourceTree = "<group>"; };
		DE51709D2805694B00BC3A82 /* LoadingOverlay.swift */ = {isa = PBXFileReference; fileEncoding = 4; lastKnownFileType = sourcecode.swift; path = LoadingOverlay.swift; sourceTree = "<group>"; };
		DE66F94428045A8300484F15 /* UIColor+Extension.swift */ = {isa = PBXFileReference; lastKnownFileType = sourcecode.swift; path = "UIColor+Extension.swift"; sourceTree = "<group>"; };
		DE66F94628045AA500484F15 /* String+Extension.swift */ = {isa = PBXFileReference; lastKnownFileType = sourcecode.swift; path = "String+Extension.swift"; sourceTree = "<group>"; };
		DE66F948280472DA00484F15 /* SearchLocationCell.swift */ = {isa = PBXFileReference; lastKnownFileType = sourcecode.swift; path = SearchLocationCell.swift; sourceTree = "<group>"; };
		DE66F94A28049EDF00484F15 /* City.swift */ = {isa = PBXFileReference; lastKnownFileType = sourcecode.swift; path = City.swift; sourceTree = "<group>"; };
		DE66F94C2804C3DF00484F15 /* WeatherDetailController.swift */ = {isa = PBXFileReference; lastKnownFileType = sourcecode.swift; path = WeatherDetailController.swift; sourceTree = "<group>"; };
		DE66F94E2804D8DE00484F15 /* UIFont+Extension.swift */ = {isa = PBXFileReference; lastKnownFileType = sourcecode.swift; path = "UIFont+Extension.swift"; sourceTree = "<group>"; };
		DEEF91E12803FAA600DE925D /* iOS-Test-Bamboo.app */ = {isa = PBXFileReference; explicitFileType = wrapper.application; includeInIndex = 0; path = "iOS-Test-Bamboo.app"; sourceTree = BUILT_PRODUCTS_DIR; };
		DEEF91E42803FAA600DE925D /* AppDelegate.swift */ = {isa = PBXFileReference; lastKnownFileType = sourcecode.swift; path = AppDelegate.swift; sourceTree = "<group>"; };
		DEEF91ED2803FAAE00DE925D /* Assets.xcassets */ = {isa = PBXFileReference; lastKnownFileType = folder.assetcatalog; path = Assets.xcassets; sourceTree = "<group>"; };
		DEEF91F02803FAAE00DE925D /* Base */ = {isa = PBXFileReference; lastKnownFileType = file.storyboard; name = Base; path = Base.lproj/LaunchScreen.storyboard; sourceTree = "<group>"; };
		DEEF91F22803FAAE00DE925D /* Info.plist */ = {isa = PBXFileReference; lastKnownFileType = text.plist.xml; path = Info.plist; sourceTree = "<group>"; };
		DEEF91F72803FAAF00DE925D /* iOS-Test-BambooTests.xctest */ = {isa = PBXFileReference; explicitFileType = wrapper.cfbundle; includeInIndex = 0; path = "iOS-Test-BambooTests.xctest"; sourceTree = BUILT_PRODUCTS_DIR; };
		DEEF91FB2803FAAF00DE925D /* iOS_Test_BambooTests.swift */ = {isa = PBXFileReference; lastKnownFileType = sourcecode.swift; path = iOS_Test_BambooTests.swift; sourceTree = "<group>"; };
		DEEF91FD2803FAAF00DE925D /* Info.plist */ = {isa = PBXFileReference; lastKnownFileType = text.plist.xml; path = Info.plist; sourceTree = "<group>"; };
		DEEF92092803FCA900DE925D /* HomeViewController.swift */ = {isa = PBXFileReference; lastKnownFileType = sourcecode.swift; path = HomeViewController.swift; sourceTree = "<group>"; };
		DEEF920D2803FD0600DE925D /* UIViewController+Extension.swift */ = {isa = PBXFileReference; lastKnownFileType = sourcecode.swift; path = "UIViewController+Extension.swift"; sourceTree = "<group>"; };
		DEEF92142804043F00DE925D /* SelectCityTableCell.swift */ = {isa = PBXFileReference; lastKnownFileType = sourcecode.swift; path = SelectCityTableCell.swift; sourceTree = "<group>"; };
		DEEF92162804156F00DE925D /* UIView+Extension.swift */ = {isa = PBXFileReference; lastKnownFileType = sourcecode.swift; path = "UIView+Extension.swift"; sourceTree = "<group>"; };
		DEEF92182804458400DE925D /* Request.swift */ = {isa = PBXFileReference; lastKnownFileType = sourcecode.swift; path = Request.swift; sourceTree = "<group>"; };
		DEEF921A280445D900DE925D /* NetworkUtils.swift */ = {isa = PBXFileReference; lastKnownFileType = sourcecode.swift; path = NetworkUtils.swift; sourceTree = "<group>"; };
		DEEF921C2804461600DE925D /* Network.swift */ = {isa = PBXFileReference; lastKnownFileType = sourcecode.swift; path = Network.swift; sourceTree = "<group>"; };
		DEEF921F2804473F00DE925D /* API_Client.swift */ = {isa = PBXFileReference; lastKnownFileType = sourcecode.swift; path = API_Client.swift; sourceTree = "<group>"; };
		DEEF92222804487100DE925D /* Forecast.swift */ = {isa = PBXFileReference; lastKnownFileType = sourcecode.swift; path = Forecast.swift; sourceTree = "<group>"; };
		DEEF922428044C8D00DE925D /* Response.swift */ = {isa = PBXFileReference; lastKnownFileType = sourcecode.swift; path = Response.swift; sourceTree = "<group>"; };
		DEEF922628044F8F00DE925D /* WeatherService.swift */ = {isa = PBXFileReference; lastKnownFileType = sourcecode.swift; path = WeatherService.swift; sourceTree = "<group>"; };
		DEEF92282804537F00DE925D /* WeatherViewModel.swift */ = {isa = PBXFileReference; lastKnownFileType = sourcecode.swift; path = WeatherViewModel.swift; sourceTree = "<group>"; };
/* End PBXFileReference section */

/* Begin PBXFrameworksBuildPhase section */
		DEEF91DE2803FAA600DE925D /* Frameworks */ = {
			isa = PBXFrameworksBuildPhase;
			buildActionMask = 2147483647;
			files = (
				56BBE3190D526C6C108A4020 /* Pods_iOS_Test_Bamboo.framework in Frameworks */,
			);
			runOnlyForDeploymentPostprocessing = 0;
		};
		DEEF91F42803FAAF00DE925D /* Frameworks */ = {
			isa = PBXFrameworksBuildPhase;
			buildActionMask = 2147483647;
			files = (
				6F8E7C1BA45E93214B5EF87B /* Pods_iOS_Test_BambooTests.framework in Frameworks */,
			);
			runOnlyForDeploymentPostprocessing = 0;
		};
/* End PBXFrameworksBuildPhase section */

/* Begin PBXGroup section */
		1C2CCF361FC20F741A8BCA15 /* Frameworks */ = {
			isa = PBXGroup;
			children = (
				533B652883EF125F383F8865 /* Pods_iOS_Test_Bamboo.framework */,
				B9FD00F3659A27B190BE8DBC /* Pods_iOS_Test_BambooTests.framework */,
			);
			name = Frameworks;
			sourceTree = "<group>";
		};
		5A484F3A215E187F1082D7E2 /* Pods */ = {
			isa = PBXGroup;
			children = (
				0E1D98322246B8B9E4B49BA2 /* Pods-iOS-Test-Bamboo.debug.xcconfig */,
				A3680792172C7C0A32A6418D /* Pods-iOS-Test-Bamboo.release.xcconfig */,
				08F775BC7B63CB48F42CD8E9 /* Pods-iOS-Test-BambooTests.debug.xcconfig */,
				598A76A99FC27A5B74978720 /* Pods-iOS-Test-BambooTests.release.xcconfig */,
			);
			path = Pods;
			sourceTree = "<group>";
		};
		DEEF91D82803FAA600DE925D = {
			isa = PBXGroup;
			children = (
				DEEF91E32803FAA600DE925D /* iOS-Test-Bamboo */,
				DEEF91FA2803FAAF00DE925D /* iOS-Test-BambooTests */,
				DEEF91E22803FAA600DE925D /* Products */,
				5A484F3A215E187F1082D7E2 /* Pods */,
				1C2CCF361FC20F741A8BCA15 /* Frameworks */,
			);
			sourceTree = "<group>";
		};
		DEEF91E22803FAA600DE925D /* Products */ = {
			isa = PBXGroup;
			children = (
				DEEF91E12803FAA600DE925D /* iOS-Test-Bamboo.app */,
				DEEF91F72803FAAF00DE925D /* iOS-Test-BambooTests.xctest */,
			);
			name = Products;
			sourceTree = "<group>";
		};
		DEEF91E32803FAA600DE925D /* iOS-Test-Bamboo */ = {
			isa = PBXGroup;
			children = (
				DEEF92102803FDD100DE925D /* Data Layer */,
				DEEF92062803FC7000DE925D /* Services */,
				DEEF92072803FC7900DE925D /* ViewModels */,
				DEEF92082803FC8800DE925D /* Views */,
				DEEF920B2803FCB900DE925D /* Helpers */,
				DEEF91E42803FAA600DE925D /* AppDelegate.swift */,
				DEEF91ED2803FAAE00DE925D /* Assets.xcassets */,
				DEEF91EF2803FAAE00DE925D /* LaunchScreen.storyboard */,
				DEEF91F22803FAAE00DE925D /* Info.plist */,
			);
			path = "iOS-Test-Bamboo";
			sourceTree = "<group>";
		};
		DEEF91FA2803FAAF00DE925D /* iOS-Test-BambooTests */ = {
			isa = PBXGroup;
			children = (
				DEEF91FB2803FAAF00DE925D /* iOS_Test_BambooTests.swift */,
				DEEF91FD2803FAAF00DE925D /* Info.plist */,
			);
			path = "iOS-Test-BambooTests";
			sourceTree = "<group>";
		};
		DEEF92062803FC7000DE925D /* Services */ = {
			isa = PBXGroup;
			children = (
				DEEF920F2803FDC000DE925D /* Network */,
			);
			path = Services;
			sourceTree = "<group>";
		};
		DEEF92072803FC7900DE925D /* ViewModels */ = {
			isa = PBXGroup;
			children = (
				DEEF92282804537F00DE925D /* WeatherViewModel.swift */,
			);
			path = ViewModels;
			sourceTree = "<group>";
		};
		DEEF92082803FC8800DE925D /* Views */ = {
			isa = PBXGroup;
			children = (
				DEEF92132804042500DE925D /* CustomViews */,
				DEEF92122804040E00DE925D /* Home */,
			);
			path = Views;
			sourceTree = "<group>";
		};
		DEEF920B2803FCB900DE925D /* Helpers */ = {
			isa = PBXGroup;
			children = (
				DEEF9211280402F900DE925D /* Utils */,
				DEEF920C2803FCEE00DE925D /* Extensions */,
			);
			path = Helpers;
			sourceTree = "<group>";
		};
		DEEF920C2803FCEE00DE925D /* Extensions */ = {
			isa = PBXGroup;
			children = (
				DEEF920D2803FD0600DE925D /* UIViewController+Extension.swift */,
				DEEF92162804156F00DE925D /* UIView+Extension.swift */,
				DE66F94428045A8300484F15 /* UIColor+Extension.swift */,
				DE66F94628045AA500484F15 /* String+Extension.swift */,
				DE66F94E2804D8DE00484F15 /* UIFont+Extension.swift */,
			);
			path = Extensions;
			sourceTree = "<group>";
		};
		DEEF920F2803FDC000DE925D /* Network */ = {
			isa = PBXGroup;
			children = (
				DEEF92182804458400DE925D /* Request.swift */,
				DEEF921A280445D900DE925D /* NetworkUtils.swift */,
				DEEF921C2804461600DE925D /* Network.swift */,
			);
			path = Network;
			sourceTree = "<group>";
		};
		DEEF92102803FDD100DE925D /* Data Layer */ = {
			isa = PBXGroup;
			children = (
				DEEF92212804479F00DE925D /* Models */,
				DEEF921E2804472900DE925D /* Entities */,
			);
			path = "Data Layer";
			sourceTree = "<group>";
		};
		DEEF9211280402F900DE925D /* Utils */ = {
			isa = PBXGroup;
			children = (
			);
			path = Utils;
			sourceTree = "<group>";
		};
		DEEF92122804040E00DE925D /* Home */ = {
			isa = PBXGroup;
			children = (
				DEEF92092803FCA900DE925D /* HomeViewController.swift */,
				DE66F94C2804C3DF00484F15 /* WeatherDetailController.swift */,
			);
			path = Home;
			sourceTree = "<group>";
		};
		DEEF92132804042500DE925D /* CustomViews */ = {
			isa = PBXGroup;
			children = (
				DE51709D2805694B00BC3A82 /* LoadingOverlay.swift */,
				DEEF92142804043F00DE925D /* SelectCityTableCell.swift */,
				DE66F948280472DA00484F15 /* SearchLocationCell.swift */,
				DE51709B28054B2300BC3A82 /* WeatherDetails.swift */,
			);
			path = CustomViews;
			sourceTree = "<group>";
		};
		DEEF921E2804472900DE925D /* Entities */ = {
			isa = PBXGroup;
			children = (
				DEEF921F2804473F00DE925D /* API_Client.swift */,
				DEEF922628044F8F00DE925D /* WeatherService.swift */,
			);
			path = Entities;
			sourceTree = "<group>";
		};
		DEEF92212804479F00DE925D /* Models */ = {
			isa = PBXGroup;
			children = (
				DEEF92222804487100DE925D /* Forecast.swift */,
				DEEF922428044C8D00DE925D /* Response.swift */,
				DE66F94A28049EDF00484F15 /* City.swift */,
			);
			path = Models;
			sourceTree = "<group>";
		};
/* End PBXGroup section */

/* Begin PBXNativeTarget section */
		DEEF91E02803FAA600DE925D /* iOS-Test-Bamboo */ = {
			isa = PBXNativeTarget;
			buildConfigurationList = DEEF92002803FAAF00DE925D /* Build configuration list for PBXNativeTarget "iOS-Test-Bamboo" */;
			buildPhases = (
				FD07CA596FFA5CB95B281C8C /* [CP] Check Pods Manifest.lock */,
				DEEF91DD2803FAA600DE925D /* Sources */,
				DEEF91DE2803FAA600DE925D /* Frameworks */,
				DEEF91DF2803FAA600DE925D /* Resources */,
				8AE30E781ABD2DA2540BA112 /* [CP] Embed Pods Frameworks */,
			);
			buildRules = (
			);
			dependencies = (
			);
			name = "iOS-Test-Bamboo";
			productName = "iOS-Test-Bamboo";
			productReference = DEEF91E12803FAA600DE925D /* iOS-Test-Bamboo.app */;
			productType = "com.apple.product-type.application";
		};
		DEEF91F62803FAAF00DE925D /* iOS-Test-BambooTests */ = {
			isa = PBXNativeTarget;
			buildConfigurationList = DEEF92032803FAAF00DE925D /* Build configuration list for PBXNativeTarget "iOS-Test-BambooTests" */;
			buildPhases = (
				F2E82B313734BE62CC9C37C0 /* [CP] Check Pods Manifest.lock */,
				DEEF91F32803FAAF00DE925D /* Sources */,
				DEEF91F42803FAAF00DE925D /* Frameworks */,
				DEEF91F52803FAAF00DE925D /* Resources */,
			);
			buildRules = (
			);
			dependencies = (
				DEEF91F92803FAAF00DE925D /* PBXTargetDependency */,
			);
			name = "iOS-Test-BambooTests";
			productName = "iOS-Test-BambooTests";
			productReference = DEEF91F72803FAAF00DE925D /* iOS-Test-BambooTests.xctest */;
			productType = "com.apple.product-type.bundle.unit-test";
		};
/* End PBXNativeTarget section */

/* Begin PBXProject section */
		DEEF91D92803FAA600DE925D /* Project object */ = {
			isa = PBXProject;
			attributes = {
				LastSwiftUpdateCheck = 1130;
				LastUpgradeCheck = 1130;
				ORGANIZATIONNAME = bambooo;
				TargetAttributes = {
					DEEF91E02803FAA600DE925D = {
						CreatedOnToolsVersion = 11.3.1;
					};
					DEEF91F62803FAAF00DE925D = {
						CreatedOnToolsVersion = 11.3.1;
						TestTargetID = DEEF91E02803FAA600DE925D;
					};
				};
			};
			buildConfigurationList = DEEF91DC2803FAA600DE925D /* Build configuration list for PBXProject "iOS-Test-Bamboo" */;
			compatibilityVersion = "Xcode 9.3";
			developmentRegion = en;
			hasScannedForEncodings = 0;
			knownRegions = (
				en,
				Base,
			);
			mainGroup = DEEF91D82803FAA600DE925D;
			productRefGroup = DEEF91E22803FAA600DE925D /* Products */;
			projectDirPath = "";
			projectRoot = "";
			targets = (
				DEEF91E02803FAA600DE925D /* iOS-Test-Bamboo */,
				DEEF91F62803FAAF00DE925D /* iOS-Test-BambooTests */,
			);
		};
/* End PBXProject section */

/* Begin PBXResourcesBuildPhase section */
		DEEF91DF2803FAA600DE925D /* Resources */ = {
			isa = PBXResourcesBuildPhase;
			buildActionMask = 2147483647;
			files = (
				DEEF91F12803FAAE00DE925D /* LaunchScreen.storyboard in Resources */,
				DEEF91EE2803FAAE00DE925D /* Assets.xcassets in Resources */,
			);
			runOnlyForDeploymentPostprocessing = 0;
		};
		DEEF91F52803FAAF00DE925D /* Resources */ = {
			isa = PBXResourcesBuildPhase;
			buildActionMask = 2147483647;
			files = (
			);
			runOnlyForDeploymentPostprocessing = 0;
		};
/* End PBXResourcesBuildPhase section */

/* Begin PBXShellScriptBuildPhase section */
		8AE30E781ABD2DA2540BA112 /* [CP] Embed Pods Frameworks */ = {
			isa = PBXShellScriptBuildPhase;
			buildActionMask = 2147483647;
			files = (
			);
			inputFileListPaths = (
				"${PODS_ROOT}/Target Support Files/Pods-iOS-Test-Bamboo/Pods-iOS-Test-Bamboo-frameworks-${CONFIGURATION}-input-files.xcfilelist",
			);
			name = "[CP] Embed Pods Frameworks";
			outputFileListPaths = (
				"${PODS_ROOT}/Target Support Files/Pods-iOS-Test-Bamboo/Pods-iOS-Test-Bamboo-frameworks-${CONFIGURATION}-output-files.xcfilelist",
			);
			runOnlyForDeploymentPostprocessing = 0;
			shellPath = /bin/sh;
			shellScript = "\"${PODS_ROOT}/Target Support Files/Pods-iOS-Test-Bamboo/Pods-iOS-Test-Bamboo-frameworks.sh\"\n";
			showEnvVarsInLog = 0;
		};
		F2E82B313734BE62CC9C37C0 /* [CP] Check Pods Manifest.lock */ = {
			isa = PBXShellScriptBuildPhase;
			buildActionMask = 2147483647;
			files = (
			);
			inputFileListPaths = (
			);
			inputPaths = (
				"${PODS_PODFILE_DIR_PATH}/Podfile.lock",
				"${PODS_ROOT}/Manifest.lock",
			);
			name = "[CP] Check Pods Manifest.lock";
			outputFileListPaths = (
			);
			outputPaths = (
				"$(DERIVED_FILE_DIR)/Pods-iOS-Test-BambooTests-checkManifestLockResult.txt",
			);
			runOnlyForDeploymentPostprocessing = 0;
			shellPath = /bin/sh;
			shellScript = "diff \"${PODS_PODFILE_DIR_PATH}/Podfile.lock\" \"${PODS_ROOT}/Manifest.lock\" > /dev/null\nif [ $? != 0 ] ; then\n    # print error to STDERR\n    echo \"error: The sandbox is not in sync with the Podfile.lock. Run 'pod install' or update your CocoaPods installation.\" >&2\n    exit 1\nfi\n# This output is used by Xcode 'outputs' to avoid re-running this script phase.\necho \"SUCCESS\" > \"${SCRIPT_OUTPUT_FILE_0}\"\n";
			showEnvVarsInLog = 0;
		};
		FD07CA596FFA5CB95B281C8C /* [CP] Check Pods Manifest.lock */ = {
			isa = PBXShellScriptBuildPhase;
			buildActionMask = 2147483647;
			files = (
			);
			inputFileListPaths = (
			);
			inputPaths = (
				"${PODS_PODFILE_DIR_PATH}/Podfile.lock",
				"${PODS_ROOT}/Manifest.lock",
			);
			name = "[CP] Check Pods Manifest.lock";
			outputFileListPaths = (
			);
			outputPaths = (
				"$(DERIVED_FILE_DIR)/Pods-iOS-Test-Bamboo-checkManifestLockResult.txt",
			);
			runOnlyForDeploymentPostprocessing = 0;
			shellPath = /bin/sh;
			shellScript = "diff \"${PODS_PODFILE_DIR_PATH}/Podfile.lock\" \"${PODS_ROOT}/Manifest.lock\" > /dev/null\nif [ $? != 0 ] ; then\n    # print error to STDERR\n    echo \"error: The sandbox is not in sync with the Podfile.lock. Run 'pod install' or update your CocoaPods installation.\" >&2\n    exit 1\nfi\n# This output is used by Xcode 'outputs' to avoid re-running this script phase.\necho \"SUCCESS\" > \"${SCRIPT_OUTPUT_FILE_0}\"\n";
			showEnvVarsInLog = 0;
		};
/* End PBXShellScriptBuildPhase section */

/* Begin PBXSourcesBuildPhase section */
		DEEF91DD2803FAA600DE925D /* Sources */ = {
			isa = PBXSourcesBuildPhase;
			buildActionMask = 2147483647;
			files = (
				DE66F94728045AA500484F15 /* String+Extension.swift in Sources */,
				DE66F94F2804D8DF00484F15 /* UIFont+Extension.swift in Sources */,
				DE66F94D2804C3DF00484F15 /* WeatherDetailController.swift in Sources */,
				DEEF921B280445D900DE925D /* NetworkUtils.swift in Sources */,
				DE66F94B28049EDF00484F15 /* City.swift in Sources */,
				DEEF92202804473F00DE925D /* API_Client.swift in Sources */,
				DEEF92172804156F00DE925D /* UIView+Extension.swift in Sources */,
				DEEF92292804537F00DE925D /* WeatherViewModel.swift in Sources */,
				DEEF92152804043F00DE925D /* SelectCityTableCell.swift in Sources */,
				DE66F949280472DA00484F15 /* SearchLocationCell.swift in Sources */,
				DEEF922528044C8E00DE925D /* Response.swift in Sources */,
				DE51709E2805694C00BC3A82 /* LoadingOverlay.swift in Sources */,
				DEEF920E2803FD0600DE925D /* UIViewController+Extension.swift in Sources */,
				DEEF921D2804461600DE925D /* Network.swift in Sources */,
				DE51709C28054B2400BC3A82 /* WeatherDetails.swift in Sources */,
				DE66F94528045A8300484F15 /* UIColor+Extension.swift in Sources */,
				DEEF92192804458400DE925D /* Request.swift in Sources */,
				DEEF91E52803FAA600DE925D /* AppDelegate.swift in Sources */,
				DEEF92232804487100DE925D /* Forecast.swift in Sources */,
				DEEF920A2803FCA900DE925D /* HomeViewController.swift in Sources */,
				DEEF922728044F9000DE925D /* WeatherService.swift in Sources */,
			);
			runOnlyForDeploymentPostprocessing = 0;
		};
		DEEF91F32803FAAF00DE925D /* Sources */ = {
			isa = PBXSourcesBuildPhase;
			buildActionMask = 2147483647;
			files = (
				DEEF91FC2803FAAF00DE925D /* iOS_Test_BambooTests.swift in Sources */,
			);
			runOnlyForDeploymentPostprocessing = 0;
		};
/* End PBXSourcesBuildPhase section */

/* Begin PBXTargetDependency section */
		DEEF91F92803FAAF00DE925D /* PBXTargetDependency */ = {
			isa = PBXTargetDependency;
			target = DEEF91E02803FAA600DE925D /* iOS-Test-Bamboo */;
			targetProxy = DEEF91F82803FAAF00DE925D /* PBXContainerItemProxy */;
		};
/* End PBXTargetDependency section */

/* Begin PBXVariantGroup section */
		DEEF91EF2803FAAE00DE925D /* LaunchScreen.storyboard */ = {
			isa = PBXVariantGroup;
			children = (
				DEEF91F02803FAAE00DE925D /* Base */,
			);
			name = LaunchScreen.storyboard;
			sourceTree = "<group>";
		};
/* End PBXVariantGroup section */

/* Begin XCBuildConfiguration section */
		DEEF91FE2803FAAF00DE925D /* Debug */ = {
			isa = XCBuildConfiguration;
			buildSettings = {
				ALWAYS_SEARCH_USER_PATHS = NO;
				CLANG_ANALYZER_NONNULL = YES;
				CLANG_ANALYZER_NUMBER_OBJECT_CONVERSION = YES_AGGRESSIVE;
				CLANG_CXX_LANGUAGE_STANDARD = "gnu++14";
				CLANG_CXX_LIBRARY = "libc++";
				CLANG_ENABLE_MODULES = YES;
				CLANG_ENABLE_OBJC_ARC = YES;
				CLANG_ENABLE_OBJC_WEAK = YES;
				CLANG_WARN_BLOCK_CAPTURE_AUTORELEASING = YES;
				CLANG_WARN_BOOL_CONVERSION = YES;
				CLANG_WARN_COMMA = YES;
				CLANG_WARN_CONSTANT_CONVERSION = YES;
				CLANG_WARN_DEPRECATED_OBJC_IMPLEMENTATIONS = YES;
				CLANG_WARN_DIRECT_OBJC_ISA_USAGE = YES_ERROR;
				CLANG_WARN_DOCUMENTATION_COMMENTS = YES;
				CLANG_WARN_EMPTY_BODY = YES;
				CLANG_WARN_ENUM_CONVERSION = YES;
				CLANG_WARN_INFINITE_RECURSION = YES;
				CLANG_WARN_INT_CONVERSION = YES;
				CLANG_WARN_NON_LITERAL_NULL_CONVERSION = YES;
				CLANG_WARN_OBJC_IMPLICIT_RETAIN_SELF = YES;
				CLANG_WARN_OBJC_LITERAL_CONVERSION = YES;
				CLANG_WARN_OBJC_ROOT_CLASS = YES_ERROR;
				CLANG_WARN_RANGE_LOOP_ANALYSIS = YES;
				CLANG_WARN_STRICT_PROTOTYPES = YES;
				CLANG_WARN_SUSPICIOUS_MOVE = YES;
				CLANG_WARN_UNGUARDED_AVAILABILITY = YES_AGGRESSIVE;
				CLANG_WARN_UNREACHABLE_CODE = YES;
				CLANG_WARN__DUPLICATE_METHOD_MATCH = YES;
				COPY_PHASE_STRIP = NO;
				DEBUG_INFORMATION_FORMAT = dwarf;
				ENABLE_STRICT_OBJC_MSGSEND = YES;
				ENABLE_TESTABILITY = YES;
				GCC_C_LANGUAGE_STANDARD = gnu11;
				GCC_DYNAMIC_NO_PIC = NO;
				GCC_NO_COMMON_BLOCKS = YES;
				GCC_OPTIMIZATION_LEVEL = 0;
				GCC_PREPROCESSOR_DEFINITIONS = (
					"DEBUG=1",
					"$(inherited)",
				);
				GCC_WARN_64_TO_32_BIT_CONVERSION = YES;
				GCC_WARN_ABOUT_RETURN_TYPE = YES_ERROR;
				GCC_WARN_UNDECLARED_SELECTOR = YES;
				GCC_WARN_UNINITIALIZED_AUTOS = YES_AGGRESSIVE;
				GCC_WARN_UNUSED_FUNCTION = YES;
				GCC_WARN_UNUSED_VARIABLE = YES;
				IPHONEOS_DEPLOYMENT_TARGET = 13.2;
				MTL_ENABLE_DEBUG_INFO = INCLUDE_SOURCE;
				MTL_FAST_MATH = YES;
				ONLY_ACTIVE_ARCH = YES;
				SDKROOT = iphoneos;
				SWIFT_ACTIVE_COMPILATION_CONDITIONS = DEBUG;
				SWIFT_OPTIMIZATION_LEVEL = "-Onone";
			};
			name = Debug;
		};
		DEEF91FF2803FAAF00DE925D /* Release */ = {
			isa = XCBuildConfiguration;
			buildSettings = {
				ALWAYS_SEARCH_USER_PATHS = NO;
				CLANG_ANALYZER_NONNULL = YES;
				CLANG_ANALYZER_NUMBER_OBJECT_CONVERSION = YES_AGGRESSIVE;
				CLANG_CXX_LANGUAGE_STANDARD = "gnu++14";
				CLANG_CXX_LIBRARY = "libc++";
				CLANG_ENABLE_MODULES = YES;
				CLANG_ENABLE_OBJC_ARC = YES;
				CLANG_ENABLE_OBJC_WEAK = YES;
				CLANG_WARN_BLOCK_CAPTURE_AUTORELEASING = YES;
				CLANG_WARN_BOOL_CONVERSION = YES;
				CLANG_WARN_COMMA = YES;
				CLANG_WARN_CONSTANT_CONVERSION = YES;
				CLANG_WARN_DEPRECATED_OBJC_IMPLEMENTATIONS = YES;
				CLANG_WARN_DIRECT_OBJC_ISA_USAGE = YES_ERROR;
				CLANG_WARN_DOCUMENTATION_COMMENTS = YES;
				CLANG_WARN_EMPTY_BODY = YES;
				CLANG_WARN_ENUM_CONVERSION = YES;
				CLANG_WARN_INFINITE_RECURSION = YES;
				CLANG_WARN_INT_CONVERSION = YES;
				CLANG_WARN_NON_LITERAL_NULL_CONVERSION = YES;
				CLANG_WARN_OBJC_IMPLICIT_RETAIN_SELF = YES;
				CLANG_WARN_OBJC_LITERAL_CONVERSION = YES;
				CLANG_WARN_OBJC_ROOT_CLASS = YES_ERROR;
				CLANG_WARN_RANGE_LOOP_ANALYSIS = YES;
				CLANG_WARN_STRICT_PROTOTYPES = YES;
				CLANG_WARN_SUSPICIOUS_MOVE = YES;
				CLANG_WARN_UNGUARDED_AVAILABILITY = YES_AGGRESSIVE;
				CLANG_WARN_UNREACHABLE_CODE = YES;
				CLANG_WARN__DUPLICATE_METHOD_MATCH = YES;
				COPY_PHASE_STRIP = NO;
				DEBUG_INFORMATION_FORMAT = "dwarf-with-dsym";
				ENABLE_NS_ASSERTIONS = NO;
				ENABLE_STRICT_OBJC_MSGSEND = YES;
				GCC_C_LANGUAGE_STANDARD = gnu11;
				GCC_NO_COMMON_BLOCKS = YES;
				GCC_WARN_64_TO_32_BIT_CONVERSION = YES;
				GCC_WARN_ABOUT_RETURN_TYPE = YES_ERROR;
				GCC_WARN_UNDECLARED_SELECTOR = YES;
				GCC_WARN_UNINITIALIZED_AUTOS = YES_AGGRESSIVE;
				GCC_WARN_UNUSED_FUNCTION = YES;
				GCC_WARN_UNUSED_VARIABLE = YES;
				IPHONEOS_DEPLOYMENT_TARGET = 13.2;
				MTL_ENABLE_DEBUG_INFO = NO;
				MTL_FAST_MATH = YES;
				SDKROOT = iphoneos;
				SWIFT_COMPILATION_MODE = wholemodule;
				SWIFT_OPTIMIZATION_LEVEL = "-O";
				VALIDATE_PRODUCT = YES;
			};
			name = Release;
		};
		DEEF92012803FAAF00DE925D /* Debug */ = {
			isa = XCBuildConfiguration;
			baseConfigurationReference = 0E1D98322246B8B9E4B49BA2 /* Pods-iOS-Test-Bamboo.debug.xcconfig */;
			buildSettings = {
				ASSETCATALOG_COMPILER_APPICON_NAME = AppIcon;
				CODE_SIGN_STYLE = Automatic;
				DEVELOPMENT_TEAM = 22FN4D2YAD;
				INFOPLIST_FILE = "iOS-Test-Bamboo/Info.plist";
				LD_RUNPATH_SEARCH_PATHS = (
					"$(inherited)",
					"@executable_path/Frameworks",
				);
				PRODUCT_BUNDLE_IDENTIFIER = "com.bambooo.iOS-Test-Bamboo";
				PRODUCT_NAME = "$(TARGET_NAME)";
				SWIFT_VERSION = 5.0;
				TARGETED_DEVICE_FAMILY = 1;
			};
			name = Debug;
		};
		DEEF92022803FAAF00DE925D /* Release */ = {
			isa = XCBuildConfiguration;
			baseConfigurationReference = A3680792172C7C0A32A6418D /* Pods-iOS-Test-Bamboo.release.xcconfig */;
			buildSettings = {
				ASSETCATALOG_COMPILER_APPICON_NAME = AppIcon;
				CODE_SIGN_STYLE = Automatic;
				DEVELOPMENT_TEAM = 22FN4D2YAD;
				INFOPLIST_FILE = "iOS-Test-Bamboo/Info.plist";
				LD_RUNPATH_SEARCH_PATHS = (
					"$(inherited)",
					"@executable_path/Frameworks",
				);
				PRODUCT_BUNDLE_IDENTIFIER = "com.bambooo.iOS-Test-Bamboo";
				PRODUCT_NAME = "$(TARGET_NAME)";
				SWIFT_VERSION = 5.0;
				TARGETED_DEVICE_FAMILY = 1;
			};
			name = Release;
		};
		DEEF92042803FAAF00DE925D /* Debug */ = {
			isa = XCBuildConfiguration;
			baseConfigurationReference = 08F775BC7B63CB48F42CD8E9 /* Pods-iOS-Test-BambooTests.debug.xcconfig */;
			buildSettings = {
				ALWAYS_EMBED_SWIFT_STANDARD_LIBRARIES = YES;
				BUNDLE_LOADER = "$(TEST_HOST)";
				CODE_SIGN_STYLE = Automatic;
				DEVELOPMENT_TEAM = 22FN4D2YAD;
				INFOPLIST_FILE = "iOS-Test-BambooTests/Info.plist";
				IPHONEOS_DEPLOYMENT_TARGET = 13.2;
				LD_RUNPATH_SEARCH_PATHS = (
					"$(inherited)",
					"@executable_path/Frameworks",
					"@loader_path/Frameworks",
				);
				PRODUCT_BUNDLE_IDENTIFIER = "com.bambooo.iOS-Test-BambooTests";
				PRODUCT_NAME = "$(TARGET_NAME)";
				SWIFT_VERSION = 5.0;
				TARGETED_DEVICE_FAMILY = "1,2";
				TEST_HOST = "$(BUILT_PRODUCTS_DIR)/iOS-Test-Bamboo.app/iOS-Test-Bamboo";
			};
			name = Debug;
		};
		DEEF92052803FAAF00DE925D /* Release */ = {
			isa = XCBuildConfiguration;
			baseConfigurationReference = 598A76A99FC27A5B74978720 /* Pods-iOS-Test-BambooTests.release.xcconfig */;
			buildSettings = {
				ALWAYS_EMBED_SWIFT_STANDARD_LIBRARIES = YES;
				BUNDLE_LOADER = "$(TEST_HOST)";
				CODE_SIGN_STYLE = Automatic;
				DEVELOPMENT_TEAM = 22FN4D2YAD;
				INFOPLIST_FILE = "iOS-Test-BambooTests/Info.plist";
				IPHONEOS_DEPLOYMENT_TARGET = 13.2;
				LD_RUNPATH_SEARCH_PATHS = (
					"$(inherited)",
					"@executable_path/Frameworks",
					"@loader_path/Frameworks",
				);
				PRODUCT_BUNDLE_IDENTIFIER = "com.bambooo.iOS-Test-BambooTests";
				PRODUCT_NAME = "$(TARGET_NAME)";
				SWIFT_VERSION = 5.0;
				TARGETED_DEVICE_FAMILY = "1,2";
				TEST_HOST = "$(BUILT_PRODUCTS_DIR)/iOS-Test-Bamboo.app/iOS-Test-Bamboo";
			};
			name = Release;
		};
/* End XCBuildConfiguration section */

/* Begin XCConfigurationList section */
		DEEF91DC2803FAA600DE925D /* Build configuration list for PBXProject "iOS-Test-Bamboo" */ = {
			isa = XCConfigurationList;
			buildConfigurations = (
				DEEF91FE2803FAAF00DE925D /* Debug */,
				DEEF91FF2803FAAF00DE925D /* Release */,
			);
			defaultConfigurationIsVisible = 0;
			defaultConfigurationName = Release;
		};
		DEEF92002803FAAF00DE925D /* Build configuration list for PBXNativeTarget "iOS-Test-Bamboo" */ = {
			isa = XCConfigurationList;
			buildConfigurations = (
				DEEF92012803FAAF00DE925D /* Debug */,
				DEEF92022803FAAF00DE925D /* Release */,
			);
			defaultConfigurationIsVisible = 0;
			defaultConfigurationName = Release;
		};
		DEEF92032803FAAF00DE925D /* Build configuration list for PBXNativeTarget "iOS-Test-BambooTests" */ = {
			isa = XCConfigurationList;
			buildConfigurations = (
				DEEF92042803FAAF00DE925D /* Debug */,
				DEEF92052803FAAF00DE925D /* Release */,
			);
			defaultConfigurationIsVisible = 0;
			defaultConfigurationName = Release;
		};
/* End XCConfigurationList section */
	};
	rootObject = DEEF91D92803FAA600DE925D /* Project object */;
}
